
Microsoft Visual Studio Solution File, Format Version 12.00
# Visual Studio 15
VisualStudioVersion = 15.0.28307.852
MinimumVisualStudioVersion = 10.0.40219.1
Project("{8BC9CEB8-8B4A-11D0-8D11-00A0C91BC942}") = "Signal", "Signal.vcxproj", "{3D6FC4B8-EC7D-4DB7-974B-A52B798E85D0}"
EndProject
Global
	GlobalSection(SolutionConfigurationPlatforms) = preSolution
		Debug|x86 = Debug|x86
		Release|x86 = Release|x86
	EndGlobalSection
	GlobalSection(ProjectConfigurationPlatforms) = postSolution
		{3D6FC4B8-EC7D-4DB7-974B-A52B798E85D0}.Debug|x86.ActiveCfg = Debug|Win32
		{3D6FC4B8-EC7D-4DB7-974B-A52B798E85D0}.Debug|x86.Build.0 = Debug|Win32
		{3D6FC4B8-EC7D-4DB7-974B-A52B798E85D0}.Release|x86.ActiveCfg = Release|Win32
		{3D6FC4B8-EC7D-4DB7-974B-A52B798E85D0}.Release|x86.Build.0 = Release|Win32
	EndGlobalSection
	GlobalSection(SolutionProperties) = preSolution
		HideSolutionNode = FALSE
	EndGlobalSection
	GlobalSection(ExtensibilityGlobals) = postSolution
		SolutionGuid = {522A3685-975D-4B1F-A02C-41C1A9A44BDA}
	EndGlobalSection
EndGlobal
